
Microsoft Visual Studio Solution File, Format Version 12.00
# Visual Studio Version 17
VisualStudioVersion = 17.0.31903.59
MinimumVisualStudioVersion = 10.0.40219.1
Project("{9A19103F-16F7-4668-BE54-9A1E7A4F7556}") = "MathTasks", "MathTasks\MathTasks.csproj", "{2B813B24-CE3C-4CD5-810E-62AB9E0BA631}"
EndProject
Project("{9A19103F-16F7-4668-BE54-9A1E7A4F7556}") = "MathTasks.Tests", "MathTasks.Tests\MathTasks.Tests.csproj", "{50DB71FE-B6E7-48B5-A508-C43846A1B0B4}"
EndProject
Project("{FAE04EC0-301F-11D3-BF4B-00C04F79EFBC}") = "MathTasks.RazorLibrary", "MathTasks.RazorLibrary\MathTasks.RazorLibrary.csproj", "{3035C4E1-8D2B-4A8A-B965-419277EEB493}"
EndProject
Global
	GlobalSection(SolutionConfigurationPlatforms) = preSolution
		Debug|Any CPU = Debug|Any CPU
		Release|Any CPU = Release|Any CPU
	EndGlobalSection
	GlobalSection(ProjectConfigurationPlatforms) = postSolution
		{2B813B24-CE3C-4CD5-810E-62AB9E0BA631}.Debug|Any CPU.ActiveCfg = Debug|Any CPU
		{2B813B24-CE3C-4CD5-810E-62AB9E0BA631}.Debug|Any CPU.Build.0 = Debug|Any CPU
		{2B813B24-CE3C-4CD5-810E-62AB9E0BA631}.Release|Any CPU.ActiveCfg = Release|Any CPU
		{2B813B24-CE3C-4CD5-810E-62AB9E0BA631}.Release|Any CPU.Build.0 = Release|Any CPU
		{50DB71FE-B6E7-48B5-A508-C43846A1B0B4}.Debug|Any CPU.ActiveCfg = Debug|Any CPU
		{50DB71FE-B6E7-48B5-A508-C43846A1B0B4}.Debug|Any CPU.Build.0 = Debug|Any CPU
		{50DB71FE-B6E7-48B5-A508-C43846A1B0B4}.Release|Any CPU.ActiveCfg = Release|Any CPU
		{50DB71FE-B6E7-48B5-A508-C43846A1B0B4}.Release|Any CPU.Build.0 = Release|Any CPU
		{3035C4E1-8D2B-4A8A-B965-419277EEB493}.Debug|Any CPU.ActiveCfg = Debug|Any CPU
		{3035C4E1-8D2B-4A8A-B965-419277EEB493}.Debug|Any CPU.Build.0 = Debug|Any CPU
		{3035C4E1-8D2B-4A8A-B965-419277EEB493}.Release|Any CPU.ActiveCfg = Release|Any CPU
		{3035C4E1-8D2B-4A8A-B965-419277EEB493}.Release|Any CPU.Build.0 = Release|Any CPU
	EndGlobalSection
	GlobalSection(SolutionProperties) = preSolution
		HideSolutionNode = FALSE
	EndGlobalSection
	GlobalSection(ExtensibilityGlobals) = postSolution
		SolutionGuid = {3E97530E-055D-472A-B4D3-58C9E39CD1E6}
	EndGlobalSection
EndGlobal
